
Microsoft Visual Studio Solution File, Format Version 12.00
# Visual Studio 15
VisualStudioVersion = 15.0.28307.106
MinimumVisualStudioVersion = 10.0.40219.1
Project("{FAE04EC0-301F-11D3-BF4B-00C04F79EFBC}") = "AppCenterDemo.Android", "AppCenterDemo\AppCenterDemo.Android\AppCenterDemo.Android.csproj", "{095FAF3F-2657-44BA-ACD6-72FC999F8A46}"
EndProject
Project("{FAE04EC0-301F-11D3-BF4B-00C04F79EFBC}") = "AppCenterDemo.iOS", "AppCenterDemo\AppCenterDemo.iOS\AppCenterDemo.iOS.csproj", "{80A7886C-C883-422B-97AF-591B9B1D7516}"
EndProject
Project("{FAE04EC0-301F-11D3-BF4B-00C04F79EFBC}") = "AppCenterDemo", "AppCenterDemo\AppCenterDemo\AppCenterDemo.csproj", "{92A00274-DA04-419A-A9F8-B92D89564776}"
EndProject
Global
	GlobalSection(SolutionConfigurationPlatforms) = preSolution
		Ad-Hoc|Any CPU = Ad-Hoc|Any CPU
		Ad-Hoc|iPhone = Ad-Hoc|iPhone
		Ad-Hoc|iPhoneSimulator = Ad-Hoc|iPhoneSimulator
		AppStore|Any CPU = AppStore|Any CPU
		AppStore|iPhone = AppStore|iPhone
		AppStore|iPhoneSimulator = AppStore|iPhoneSimulator
		Debug|Any CPU = Debug|Any CPU
		Debug|iPhone = Debug|iPhone
		Debug|iPhoneSimulator = Debug|iPhoneSimulator
		Release|Any CPU = Release|Any CPU
		Release|iPhone = Release|iPhone
		Release|iPhoneSimulator = Release|iPhoneSimulator
	EndGlobalSection
	GlobalSection(ProjectConfigurationPlatforms) = postSolution
		{095FAF3F-2657-44BA-ACD6-72FC999F8A46}.Ad-Hoc|Any CPU.ActiveCfg = Release|Any CPU
		{095FAF3F-2657-44BA-ACD6-72FC999F8A46}.Ad-Hoc|Any CPU.Build.0 = Release|Any CPU
		{095FAF3F-2657-44BA-ACD6-72FC999F8A46}.Ad-Hoc|Any CPU.Deploy.0 = Release|Any CPU
		{095FAF3F-2657-44BA-ACD6-72FC999F8A46}.Ad-Hoc|iPhone.ActiveCfg = Release|Any CPU
		{095FAF3F-2657-44BA-ACD6-72FC999F8A46}.Ad-Hoc|iPhone.Build.0 = Release|Any CPU
		{095FAF3F-2657-44BA-ACD6-72FC999F8A46}.Ad-Hoc|iPhone.Deploy.0 = Release|Any CPU
		{095FAF3F-2657-44BA-ACD6-72FC999F8A46}.Ad-Hoc|iPhoneSimulator.ActiveCfg = Release|Any CPU
		{095FAF3F-2657-44BA-ACD6-72FC999F8A46}.Ad-Hoc|iPhoneSimulator.Build.0 = Release|Any CPU
		{095FAF3F-2657-44BA-ACD6-72FC999F8A46}.Ad-Hoc|iPhoneSimulator.Deploy.0 = Release|Any CPU
		{095FAF3F-2657-44BA-ACD6-72FC999F8A46}.AppStore|Any CPU.ActiveCfg = Release|Any CPU
		{095FAF3F-2657-44BA-ACD6-72FC999F8A46}.AppStore|Any CPU.Build.0 = Release|Any CPU
		{095FAF3F-2657-44BA-ACD6-72FC999F8A46}.AppStore|Any CPU.Deploy.0 = Release|Any CPU
		{095FAF3F-2657-44BA-ACD6-72FC999F8A46}.AppStore|iPhone.ActiveCfg = Release|Any CPU
		{095FAF3F-2657-44BA-ACD6-72FC999F8A46}.AppStore|iPhone.Build.0 = Release|Any CPU
		{095FAF3F-2657-44BA-ACD6-72FC999F8A46}.AppStore|iPhone.Deploy.0 = Release|Any CPU
		{095FAF3F-2657-44BA-ACD6-72FC999F8A46}.AppStore|iPhoneSimulator.ActiveCfg = Release|Any CPU
		{095FAF3F-2657-44BA-ACD6-72FC999F8A46}.AppStore|iPhoneSimulator.Build.0 = Release|Any CPU
		{095FAF3F-2657-44BA-ACD6-72FC999F8A46}.AppStore|iPhoneSimulator.Deploy.0 = Release|Any CPU
		{095FAF3F-2657-44BA-ACD6-72FC999F8A46}.Debug|Any CPU.ActiveCfg = Debug|Any CPU
		{095FAF3F-2657-44BA-ACD6-72FC999F8A46}.Debug|Any CPU.Build.0 = Debug|Any CPU
		{095FAF3F-2657-44BA-ACD6-72FC999F8A46}.Debug|Any CPU.Deploy.0 = Debug|Any CPU
		{095FAF3F-2657-44BA-ACD6-72FC999F8A46}.Debug|iPhone.ActiveCfg = Debug|Any CPU
		{095FAF3F-2657-44BA-ACD6-72FC999F8A46}.Debug|iPhone.Build.0 = Debug|Any CPU
		{095FAF3F-2657-44BA-ACD6-72FC999F8A46}.Debug|iPhone.Deploy.0 = Debug|Any CPU
		{095FAF3F-2657-44BA-ACD6-72FC999F8A46}.Debug|iPhoneSimulator.ActiveCfg = Debug|Any CPU
		{095FAF3F-2657-44BA-ACD6-72FC999F8A46}.Debug|iPhoneSimulator.Build.0 = Debug|Any CPU
		{095FAF3F-2657-44BA-ACD6-72FC999F8A46}.Debug|iPhoneSimulator.Deploy.0 = Debug|Any CPU
		{095FAF3F-2657-44BA-ACD6-72FC999F8A46}.Release|Any CPU.ActiveCfg = Release|Any CPU
		{095FAF3F-2657-44BA-ACD6-72FC999F8A46}.Release|Any CPU.Build.0 = Release|Any CPU
		{095FAF3F-2657-44BA-ACD6-72FC999F8A46}.Release|Any CPU.Deploy.0 = Release|Any CPU
		{095FAF3F-2657-44BA-ACD6-72FC999F8A46}.Release|iPhone.ActiveCfg = Release|Any CPU
		{095FAF3F-2657-44BA-ACD6-72FC999F8A46}.Release|iPhone.Build.0 = Release|Any CPU
		{095FAF3F-2657-44BA-ACD6-72FC999F8A46}.Release|iPhone.Deploy.0 = Release|Any CPU
		{095FAF3F-2657-44BA-ACD6-72FC999F8A46}.Release|iPhoneSimulator.ActiveCfg = Release|Any CPU
		{095FAF3F-2657-44BA-ACD6-72FC999F8A46}.Release|iPhoneSimulator.Build.0 = Release|Any CPU
		{095FAF3F-2657-44BA-ACD6-72FC999F8A46}.Release|iPhoneSimulator.Deploy.0 = Release|Any CPU
		{80A7886C-C883-422B-97AF-591B9B1D7516}.Ad-Hoc|Any CPU.ActiveCfg = Ad-Hoc|iPhone
		{80A7886C-C883-422B-97AF-591B9B1D7516}.Ad-Hoc|Any CPU.Build.0 = Ad-Hoc|iPhone
		{80A7886C-C883-422B-97AF-591B9B1D7516}.Ad-Hoc|Any CPU.Deploy.0 = Ad-Hoc|iPhone
		{80A7886C-C883-422B-97AF-591B9B1D7516}.Ad-Hoc|iPhone.ActiveCfg = Ad-Hoc|iPhone
		{80A7886C-C883-422B-97AF-591B9B1D7516}.Ad-Hoc|iPhone.Build.0 = Ad-Hoc|iPhone
		{80A7886C-C883-422B-97AF-591B9B1D7516}.Ad-Hoc|iPhone.Deploy.0 = Ad-Hoc|iPhone
		{80A7886C-C883-422B-97AF-591B9B1D7516}.Ad-Hoc|iPhoneSimulator.ActiveCfg = Ad-Hoc|iPhoneSimulator
		{80A7886C-C883-422B-97AF-591B9B1D7516}.Ad-Hoc|iPhoneSimulator.Build.0 = Ad-Hoc|iPhoneSimulator
		{80A7886C-C883-422B-97AF-591B9B1D7516}.Ad-Hoc|iPhoneSimulator.Deploy.0 = Ad-Hoc|iPhoneSimulator
		{80A7886C-C883-422B-97AF-591B9B1D7516}.AppStore|Any CPU.ActiveCfg = AppStore|iPhone
		{80A7886C-C883-422B-97AF-591B9B1D7516}.AppStore|Any CPU.Build.0 = AppStore|iPhone
		{80A7886C-C883-422B-97AF-591B9B1D7516}.AppStore|Any CPU.Deploy.0 = AppStore|iPhone
		{80A7886C-C883-422B-97AF-591B9B1D7516}.AppStore|iPhone.ActiveCfg = AppStore|iPhone
		{80A7886C-C883-422B-97AF-591B9B1D7516}.AppStore|iPhone.Build.0 = AppStore|iPhone
		{80A7886C-C883-422B-97AF-591B9B1D7516}.AppStore|iPhone.Deploy.0 = AppStore|iPhone
		{80A7886C-C883-422B-97AF-591B9B1D7516}.AppStore|iPhoneSimulator.ActiveCfg = AppStore|iPhoneSimulator
		{80A7886C-C883-422B-97AF-591B9B1D7516}.AppStore|iPhoneSimulator.Build.0 = AppStore|iPhoneSimulator
		{80A7886C-C883-422B-97AF-591B9B1D7516}.AppStore|iPhoneSimulator.Deploy.0 = AppStore|iPhoneSimulator
		{80A7886C-C883-422B-97AF-591B9B1D7516}.Debug|Any CPU.ActiveCfg = Debug|iPhoneSimulator
		{80A7886C-C883-422B-97AF-591B9B1D7516}.Debug|Any CPU.Build.0 = Debug|iPhoneSimulator
		{80A7886C-C883-422B-97AF-591B9B1D7516}.Debug|Any CPU.Deploy.0 = Debug|iPhoneSimulator
		{80A7886C-C883-422B-97AF-591B9B1D7516}.Debug|iPhone.ActiveCfg = Debug|iPhone
		{80A7886C-C883-422B-97AF-591B9B1D7516}.Debug|iPhone.Build.0 = Debug|iPhone
		{80A7886C-C883-422B-97AF-591B9B1D7516}.Debug|iPhone.Deploy.0 = Debug|iPhone
		{80A7886C-C883-422B-97AF-591B9B1D7516}.Debug|iPhoneSimulator.ActiveCfg = Debug|iPhoneSimulator
		{80A7886C-C883-422B-97AF-591B9B1D7516}.Debug|iPhoneSimulator.Build.0 = Debug|iPhoneSimulator
		{80A7886C-C883-422B-97AF-591B9B1D7516}.Debug|iPhoneSimulator.Deploy.0 = Debug|iPhoneSimulator
		{80A7886C-C883-422B-97AF-591B9B1D7516}.Release|Any CPU.ActiveCfg = Release|iPhone
		{80A7886C-C883-422B-97AF-591B9B1D7516}.Release|Any CPU.Build.0 = Release|iPhone
		{80A7886C-C883-422B-97AF-591B9B1D7516}.Release|Any CPU.Deploy.0 = Release|iPhone
		{80A7886C-C883-422B-97AF-591B9B1D7516}.Release|iPhone.ActiveCfg = Release|iPhone
		{80A7886C-C883-422B-97AF-591B9B1D7516}.Release|iPhone.Build.0 = Release|iPhone
		{80A7886C-C883-422B-97AF-591B9B1D7516}.Release|iPhone.Deploy.0 = Release|iPhone
		{80A7886C-C883-422B-97AF-591B9B1D7516}.Release|iPhoneSimulator.ActiveCfg = Release|iPhoneSimulator
		{80A7886C-C883-422B-97AF-591B9B1D7516}.Release|iPhoneSimulator.Build.0 = Release|iPhoneSimulator
		{80A7886C-C883-422B-97AF-591B9B1D7516}.Release|iPhoneSimulator.Deploy.0 = Release|iPhoneSimulator
		{92A00274-DA04-419A-A9F8-B92D89564776}.Ad-Hoc|Any CPU.ActiveCfg = Debug|Any CPU
		{92A00274-DA04-419A-A9F8-B92D89564776}.Ad-Hoc|Any CPU.Build.0 = Debug|Any CPU
		{92A00274-DA04-419A-A9F8-B92D89564776}.Ad-Hoc|Any CPU.Deploy.0 = Debug|Any CPU
		{92A00274-DA04-419A-A9F8-B92D89564776}.Ad-Hoc|iPhone.ActiveCfg = Debug|Any CPU
		{92A00274-DA04-419A-A9F8-B92D89564776}.Ad-Hoc|iPhone.Build.0 = Debug|Any CPU
		{92A00274-DA04-419A-A9F8-B92D89564776}.Ad-Hoc|iPhone.Deploy.0 = Debug|Any CPU
		{92A00274-DA04-419A-A9F8-B92D89564776}.Ad-Hoc|iPhoneSimulator.ActiveCfg = Debug|Any CPU
		{92A00274-DA04-419A-A9F8-B92D89564776}.Ad-Hoc|iPhoneSimulator.Build.0 = Debug|Any CPU
		{92A00274-DA04-419A-A9F8-B92D89564776}.Ad-Hoc|iPhoneSimulator.Deploy.0 = Debug|Any CPU
		{92A00274-DA04-419A-A9F8-B92D89564776}.AppStore|Any CPU.ActiveCfg = Debug|Any CPU
		{92A00274-DA04-419A-A9F8-B92D89564776}.AppStore|Any CPU.Build.0 = Debug|Any CPU
		{92A00274-DA04-419A-A9F8-B92D89564776}.AppStore|Any CPU.Deploy.0 = Debug|Any CPU
		{92A00274-DA04-419A-A9F8-B92D89564776}.AppStore|iPhone.ActiveCfg = Debug|Any CPU
		{92A00274-DA04-419A-A9F8-B92D89564776}.AppStore|iPhone.Build.0 = Debug|Any CPU
		{92A00274-DA04-419A-A9F8-B92D89564776}.AppStore|iPhone.Deploy.0 = Debug|Any CPU
		{92A00274-DA04-419A-A9F8-B92D89564776}.AppStore|iPhoneSimulator.ActiveCfg = Debug|Any CPU
		{92A00274-DA04-419A-A9F8-B92D89564776}.AppStore|iPhoneSimulator.Build.0 = Debug|Any CPU
		{92A00274-DA04-419A-A9F8-B92D89564776}.AppStore|iPhoneSimulator.Deploy.0 = Debug|Any CPU
		{92A00274-DA04-419A-A9F8-B92D89564776}.Debug|Any CPU.ActiveCfg = Debug|Any CPU
		{92A00274-DA04-419A-A9F8-B92D89564776}.Debug|Any CPU.Build.0 = Debug|Any CPU
		{92A00274-DA04-419A-A9F8-B92D89564776}.Debug|Any CPU.Deploy.0 = Debug|Any CPU
		{92A00274-DA04-419A-A9F8-B92D89564776}.Debug|iPhone.ActiveCfg = Debug|Any CPU
		{92A00274-DA04-419A-A9F8-B92D89564776}.Debug|iPhone.Build.0 = Debug|Any CPU
		{92A00274-DA04-419A-A9F8-B92D89564776}.Debug|iPhone.Deploy.0 = Debug|Any CPU
		{92A00274-DA04-419A-A9F8-B92D89564776}.Debug|iPhoneSimulator.ActiveCfg = Debug|Any CPU
		{92A00274-DA04-419A-A9F8-B92D89564776}.Debug|iPhoneSimulator.Build.0 = Debug|Any CPU
		{92A00274-DA04-419A-A9F8-B92D89564776}.Debug|iPhoneSimulator.Deploy.0 = Debug|Any CPU
		{92A00274-DA04-419A-A9F8-B92D89564776}.Release|Any CPU.ActiveCfg = Release|Any CPU
		{92A00274-DA04-419A-A9F8-B92D89564776}.Release|Any CPU.Build.0 = Release|Any CPU
		{92A00274-DA04-419A-A9F8-B92D89564776}.Release|Any CPU.Deploy.0 = Release|Any CPU
		{92A00274-DA04-419A-A9F8-B92D89564776}.Release|iPhone.ActiveCfg = Release|Any CPU
		{92A00274-DA04-419A-A9F8-B92D89564776}.Release|iPhone.Build.0 = Release|Any CPU
		{92A00274-DA04-419A-A9F8-B92D89564776}.Release|iPhone.Deploy.0 = Release|Any CPU
		{92A00274-DA04-419A-A9F8-B92D89564776}.Release|iPhoneSimulator.ActiveCfg = Release|Any CPU
		{92A00274-DA04-419A-A9F8-B92D89564776}.Release|iPhoneSimulator.Build.0 = Release|Any CPU
		{92A00274-DA04-419A-A9F8-B92D89564776}.Release|iPhoneSimulator.Deploy.0 = Release|Any CPU
	EndGlobalSection
	GlobalSection(SolutionProperties) = preSolution
		HideSolutionNode = FALSE
	EndGlobalSection
	GlobalSection(ExtensibilityGlobals) = postSolution
		SolutionGuid = {D4211A08-0C2F-40C5-A470-247DA7F2FD66}
	EndGlobalSection
EndGlobal
